// !$*UTF8*$!
{
	archiveVersion = 1;
	classes = {
	};
	objectVersion = 46;
	objects = {

/* Begin PBXBuildFile section */
		21DF89F91BC4B4AA00B9AD48 /* AppDelegate.swift in Sources */ = {isa = PBXBuildFile; fileRef = 21DF89F81BC4B4AA00B9AD48 /* AppDelegate.swift */; };
		21DF89FB1BC4B4AA00B9AD48 /* ViewController.swift in Sources */ = {isa = PBXBuildFile; fileRef = 21DF89FA1BC4B4AA00B9AD48 /* ViewController.swift */; };
		21DF89FE1BC4B4AA00B9AD48 /* Main.storyboard in Resources */ = {isa = PBXBuildFile; fileRef = 21DF89FC1BC4B4AA00B9AD48 /* Main.storyboard */; };
		21DF8A001BC4B4AA00B9AD48 /* Assets.xcassets in Resources */ = {isa = PBXBuildFile; fileRef = 21DF89FF1BC4B4AA00B9AD48 /* Assets.xcassets */; };
		21DF8A031BC4B4AA00B9AD48 /* LaunchScreen.storyboard in Resources */ = {isa = PBXBuildFile; fileRef = 21DF8A011BC4B4AA00B9AD48 /* LaunchScreen.storyboard */; };
		21DF8A0E1BC4B4AA00B9AD48 /* RemoteControlTests.swift in Sources */ = {isa = PBXBuildFile; fileRef = 21DF8A0D1BC4B4AA00B9AD48 /* RemoteControlTests.swift */; };
		21DF8A191BC4B4AA00B9AD48 /* RemoteControlUITests.swift in Sources */ = {isa = PBXBuildFile; fileRef = 21DF8A181BC4B4AA00B9AD48 /* RemoteControlUITests.swift */; };
/* End PBXBuildFile section */

/* Begin PBXContainerItemProxy section */
		21DF8A0A1BC4B4AA00B9AD48 /* PBXContainerItemProxy */ = {
			isa = PBXContainerItemProxy;
			containerPortal = 21DF89ED1BC4B4AA00B9AD48 /* Project object */;
			proxyType = 1;
			remoteGlobalIDString = 21DF89F41BC4B4AA00B9AD48;
			remoteInfo = RemoteControl;
		};
		21DF8A151BC4B4AA00B9AD48 /* PBXContainerItemProxy */ = {
			isa = PBXContainerItemProxy;
			containerPortal = 21DF89ED1BC4B4AA00B9AD48 /* Project object */;
			proxyType = 1;
			remoteGlobalIDString = 21DF89F41BC4B4AA00B9AD48;
			remoteInfo = RemoteControl;
		};
/* End PBXContainerItemProxy section */

/* Begin PBXFileReference section */
		21DF89F51BC4B4AA00B9AD48 /* RemoteControl.app */ = {isa = PBXFileReference; explicitFileType = wrapper.application; includeInIndex = 0; path = RemoteControl.app; sourceTree = BUILT_PRODUCTS_DIR; };
		21DF89F81BC4B4AA00B9AD48 /* AppDelegate.swift */ = {isa = PBXFileReference; lastKnownFileType = sourcecode.swift; path = AppDelegate.swift; sourceTree = "<group>"; };
		21DF89FA1BC4B4AA00B9AD48 /* ViewController.swift */ = {isa = PBXFileReference; lastKnownFileType = sourcecode.swift; path = ViewController.swift; sourceTree = "<group>"; };
		21DF89FD1BC4B4AA00B9AD48 /* Base */ = {isa = PBXFileReference; lastKnownFileType = file.storyboard; name = Base; path = Base.lproj/Main.storyboard; sourceTree = "<group>"; };
		21DF89FF1BC4B4AA00B9AD48 /* Assets.xcassets */ = {isa = PBXFileReference; lastKnownFileType = folder.assetcatalog; path = Assets.xcassets; sourceTree = "<group>"; };
		21DF8A021BC4B4AA00B9AD48 /* Base */ = {isa = PBXFileReference; lastKnownFileType = file.storyboard; name = Base; path = Base.lproj/LaunchScreen.storyboard; sourceTree = "<group>"; };
		21DF8A041BC4B4AA00B9AD48 /* Info.plist */ = {isa = PBXFileReference; lastKnownFileType = text.plist.xml; path = Info.plist; sourceTree = "<group>"; };
		21DF8A091BC4B4AA00B9AD48 /* RemoteControlTests.xctest */ = {isa = PBXFileReference; explicitFileType = wrapper.cfbundle; includeInIndex = 0; path = RemoteControlTests.xctest; sourceTree = BUILT_PRODUCTS_DIR; };
		21DF8A0D1BC4B4AA00B9AD48 /* RemoteControlTests.swift */ = {isa = PBXFileReference; lastKnownFileType = sourcecode.swift; path = RemoteControlTests.swift; sourceTree = "<group>"; };
		21DF8A0F1BC4B4AA00B9AD48 /* Info.plist */ = {isa = PBXFileReference; lastKnownFileType = text.plist.xml; path = Info.plist; sourceTree = "<group>"; };
		21DF8A141BC4B4AA00B9AD48 /* RemoteControlUITests.xctest */ = {isa = PBXFileReference; explicitFileType = wrapper.cfbundle; includeInIndex = 0; path = RemoteControlUITests.xctest; sourceTree = BUILT_PRODUCTS_DIR; };
		21DF8A181BC4B4AA00B9AD48 /* RemoteControlUITests.swift */ = {isa = PBXFileReference; lastKnownFileType = sourcecode.swift; path = RemoteControlUITests.swift; sourceTree = "<group>"; };
		21DF8A1A1BC4B4AA00B9AD48 /* Info.plist */ = {isa = PBXFileReference; lastKnownFileType = text.plist.xml; path = Info.plist; sourceTree = "<group>"; };
/* End PBXFileReference section */

/* Begin PBXFrameworksBuildPhase section */
		21DF89F21BC4B4AA00B9AD48 /* Frameworks */ = {
			isa = PBXFrameworksBuildPhase;
			buildActionMask = 2147483647;
			files = (
			);
			runOnlyForDeploymentPostprocessing = 0;
		};
		21DF8A061BC4B4AA00B9AD48 /* Frameworks */ = {
			isa = PBXFrameworksBuildPhase;
			buildActionMask = 2147483647;
			files = (
			);
			runOnlyForDeploymentPostprocessing = 0;
		};
		21DF8A111BC4B4AA00B9AD48 /* Frameworks */ = {
			isa = PBXFrameworksBuildPhase;
			buildActionMask = 2147483647;
			files = (
			);
			runOnlyForDeploymentPostprocessing = 0;
		};
/* End PBXFrameworksBuildPhase section */

/* Begin PBXGroup section */
		21DF89EC1BC4B4AA00B9AD48 = {
			isa = PBXGroup;
			children = (
				21DF89F71BC4B4AA00B9AD48 /* RemoteControl */,
				21DF8A0C1BC4B4AA00B9AD48 /* RemoteControlTests */,
				21DF8A171BC4B4AA00B9AD48 /* RemoteControlUITests */,
				21DF89F61BC4B4AA00B9AD48 /* Products */,
			);
			sourceTree = "<group>";
		};
		21DF89F61BC4B4AA00B9AD48 /* Products */ = {
			isa = PBXGroup;
			children = (
				21DF89F51BC4B4AA00B9AD48 /* RemoteControl.app */,
				21DF8A091BC4B4AA00B9AD48 /* RemoteControlTests.xctest */,
				21DF8A141BC4B4AA00B9AD48 /* RemoteControlUITests.xctest */,
			);
			name = Products;
			sourceTree = "<group>";
		};
		21DF89F71BC4B4AA00B9AD48 /* RemoteControl */ = {
			isa = PBXGroup;
			children = (
				21DF89F81BC4B4AA00B9AD48 /* AppDelegate.swift */,
				21DF89FA1BC4B4AA00B9AD48 /* ViewController.swift */,
				21DF89FC1BC4B4AA00B9AD48 /* Main.storyboard */,
				21DF89FF1BC4B4AA00B9AD48 /* Assets.xcassets */,
				21DF8A011BC4B4AA00B9AD48 /* LaunchScreen.storyboard */,
				21DF8A041BC4B4AA00B9AD48 /* Info.plist */,
			);
			path = RemoteControl;
			sourceTree = "<group>";
		};
		21DF8A0C1BC4B4AA00B9AD48 /* RemoteControlTests */ = {
			isa = PBXGroup;
			children = (
				21DF8A0D1BC4B4AA00B9AD48 /* RemoteControlTests.swift */,
				21DF8A0F1BC4B4AA00B9AD48 /* Info.plist */,
			);
			path = RemoteControlTests;
			sourceTree = "<group>";
		};
		21DF8A171BC4B4AA00B9AD48 /* RemoteControlUITests */ = {
			isa = PBXGroup;
			children = (
				21DF8A181BC4B4AA00B9AD48 /* RemoteControlUITests.swift */,
				21DF8A1A1BC4B4AA00B9AD48 /* Info.plist */,
			);
			path = RemoteControlUITests;
			sourceTree = "<group>";
		};
/* End PBXGroup section */

/* Begin PBXNativeTarget section */
		21DF89F41BC4B4AA00B9AD48 /* RemoteControl */ = {
			isa = PBXNativeTarget;
			buildConfigurationList = 21DF8A1D1BC4B4AA00B9AD48 /* Build configuration list for PBXNativeTarget "RemoteControl" */;
			buildPhases = (
				21DF89F11BC4B4AA00B9AD48 /* Sources */,
				21DF89F21BC4B4AA00B9AD48 /* Frameworks */,
				21DF89F31BC4B4AA00B9AD48 /* Resources */,
			);
			buildRules = (
			);
			dependencies = (
			);
			name = RemoteControl;
			productName = RemoteControl;
			productReference = 21DF89F51BC4B4AA00B9AD48 /* RemoteControl.app */;
			productType = "com.apple.product-type.application";
		};
		21DF8A081BC4B4AA00B9AD48 /* RemoteControlTests */ = {
			isa = PBXNativeTarget;
			buildConfigurationList = 21DF8A201BC4B4AA00B9AD48 /* Build configuration list for PBXNativeTarget "RemoteControlTests" */;
			buildPhases = (
				21DF8A051BC4B4AA00B9AD48 /* Sources */,
				21DF8A061BC4B4AA00B9AD48 /* Frameworks */,
				21DF8A071BC4B4AA00B9AD48 /* Resources */,
			);
			buildRules = (
			);
			dependencies = (
				21DF8A0B1BC4B4AA00B9AD48 /* PBXTargetDependency */,
			);
			name = RemoteControlTests;
			productName = RemoteControlTests;
			productReference = 21DF8A091BC4B4AA00B9AD48 /* RemoteControlTests.xctest */;
			productType = "com.apple.product-type.bundle.unit-test";
		};
		21DF8A131BC4B4AA00B9AD48 /* RemoteControlUITests */ = {
			isa = PBXNativeTarget;
			buildConfigurationList = 21DF8A231BC4B4AA00B9AD48 /* Build configuration list for PBXNativeTarget "RemoteControlUITests" */;
			buildPhases = (
				21DF8A101BC4B4AA00B9AD48 /* Sources */,
				21DF8A111BC4B4AA00B9AD48 /* Frameworks */,
				21DF8A121BC4B4AA00B9AD48 /* Resources */,
			);
			buildRules = (
			);
			dependencies = (
				21DF8A161BC4B4AA00B9AD48 /* PBXTargetDependency */,
			);
			name = RemoteControlUITests;
			productName = RemoteControlUITests;
			productReference = 21DF8A141BC4B4AA00B9AD48 /* RemoteControlUITests.xctest */;
			productType = "com.apple.product-type.bundle.ui-testing";
		};
/* End PBXNativeTarget section */

/* Begin PBXProject section */
		21DF89ED1BC4B4AA00B9AD48 /* Project object */ = {
			isa = PBXProject;
			attributes = {
				LastUpgradeCheck = 0700;
				ORGANIZATIONNAME = "AJ Priola";
				TargetAttributes = {
					21DF89F41BC4B4AA00B9AD48 = {
						CreatedOnToolsVersion = 7.0;
					};
					21DF8A081BC4B4AA00B9AD48 = {
						CreatedOnToolsVersion = 7.0;
						TestTargetID = 21DF89F41BC4B4AA00B9AD48;
					};
					21DF8A131BC4B4AA00B9AD48 = {
						CreatedOnToolsVersion = 7.0;
						TestTargetID = 21DF89F41BC4B4AA00B9AD48;
					};
				};
			};
			buildConfigurationList = 21DF89F01BC4B4AA00B9AD48 /* Build configuration list for PBXProject "RemoteControl" */;
			compatibilityVersion = "Xcode 3.2";
			developmentRegion = English;
			hasScannedForEncodings = 0;
			knownRegions = (
				en,
				Base,
			);
			mainGroup = 21DF89EC1BC4B4AA00B9AD48;
			productRefGroup = 21DF89F61BC4B4AA00B9AD48 /* Products */;
			projectDirPath = "";
			projectRoot = "";
			targets = (
				21DF89F41BC4B4AA00B9AD48 /* RemoteControl */,
				21DF8A081BC4B4AA00B9AD48 /* RemoteControlTests */,
				21DF8A131BC4B4AA00B9AD48 /* RemoteControlUITests */,
			);
		};
/* End PBXProject section */

/* Begin PBXResourcesBuildPhase section */
		21DF89F31BC4B4AA00B9AD48 /* Resources */ = {
			isa = PBXResourcesBuildPhase;
			buildActionMask = 2147483647;
			files = (
				21DF8A031BC4B4AA00B9AD48 /* LaunchScreen.storyboard in Resources */,
				21DF8A001BC4B4AA00B9AD48 /* Assets.xcassets in Resources */,
				21DF89FE1BC4B4AA00B9AD48 /* Main.storyboard in Resources */,
			);
			runOnlyForDeploymentPostprocessing = 0;
		};
		21DF8A071BC4B4AA00B9AD48 /* Resources */ = {
			isa = PBXResourcesBuildPhase;
			buildActionMask = 2147483647;
			files = (
			);
			runOnlyForDeploymentPostprocessing = 0;
		};
		21DF8A121BC4B4AA00B9AD48 /* Resources */ = {
			isa = PBXResourcesBuildPhase;
			buildActionMask = 2147483647;
			files = (
			);
			runOnlyForDeploymentPostprocessing = 0;
		};
/* End PBXResourcesBuildPhase section */

/* Begin PBXSourcesBuildPhase section */
		21DF89F11BC4B4AA00B9AD48 /* Sources */ = {
			isa = PBXSourcesBuildPhase;
			buildActionMask = 2147483647;
			files = (
				21DF89FB1BC4B4AA00B9AD48 /* ViewController.swift in Sources */,
				21DF89F91BC4B4AA00B9AD48 /* AppDelegate.swift in Sources */,
			);
			runOnlyForDeploymentPostprocessing = 0;
		};
		21DF8A051BC4B4AA00B9AD48 /* Sources */ = {
			isa = PBXSourcesBuildPhase;
			buildActionMask = 2147483647;
			files = (
				21DF8A0E1BC4B4AA00B9AD48 /* RemoteControlTests.swift in Sources */,
			);
			runOnlyForDeploymentPostprocessing = 0;
		};
		21DF8A101BC4B4AA00B9AD48 /* Sources */ = {
			isa = PBXSourcesBuildPhase;
			buildActionMask = 2147483647;
			files = (
				21DF8A191BC4B4AA00B9AD48 /* RemoteControlUITests.swift in Sources */,
			);
			runOnlyForDeploymentPostprocessing = 0;
		};
/* End PBXSourcesBuildPhase section */

/* Begin PBXTargetDependency section */
		21DF8A0B1BC4B4AA00B9AD48 /* PBXTargetDependency */ = {
			isa = PBXTargetDependency;
			target = 21DF89F41BC4B4AA00B9AD48 /* RemoteControl */;
			targetProxy = 21DF8A0A1BC4B4AA00B9AD48 /* PBXContainerItemProxy */;
		};
		21DF8A161BC4B4AA00B9AD48 /* PBXTargetDependency */ = {
			isa = PBXTargetDependency;
			target = 21DF89F41BC4B4AA00B9AD48 /* RemoteControl */;
			targetProxy = 21DF8A151BC4B4AA00B9AD48 /* PBXContainerItemProxy */;
		};
/* End PBXTargetDependency section */

/* Begin PBXVariantGroup section */
		21DF89FC1BC4B4AA00B9AD48 /* Main.storyboard */ = {
			isa = PBXVariantGroup;
			children = (
				21DF89FD1BC4B4AA00B9AD48 /* Base */,
			);
			name = Main.storyboard;
			sourceTree = "<group>";
		};
		21DF8A011BC4B4AA00B9AD48 /* LaunchScreen.storyboard */ = {
			isa = PBXVariantGroup;
			children = (
				21DF8A021BC4B4AA00B9AD48 /* Base */,
			);
			name = LaunchScreen.storyboard;
			sourceTree = "<group>";
		};
/* End PBXVariantGroup section */

/* Begin XCBuildConfiguration section */
		21DF8A1B1BC4B4AA00B9AD48 /* Debug */ = {
			isa = XCBuildConfiguration;
			buildSettings = {
				ALWAYS_SEARCH_USER_PATHS = NO;
				CLANG_CXX_LANGUAGE_STANDARD = "gnu++0x";
				CLANG_CXX_LIBRARY = "libc++";
				CLANG_ENABLE_MODULES = YES;
				CLANG_ENABLE_OBJC_ARC = YES;
				CLANG_WARN_BOOL_CONVERSION = YES;
				CLANG_WARN_CONSTANT_CONVERSION = YES;
				CLANG_WARN_DIRECT_OBJC_ISA_USAGE = YES_ERROR;
				CLANG_WARN_EMPTY_BODY = YES;
				CLANG_WARN_ENUM_CONVERSION = YES;
				CLANG_WARN_INT_CONVERSION = YES;
				CLANG_WARN_OBJC_ROOT_CLASS = YES_ERROR;
				CLANG_WARN_UNREACHABLE_CODE = YES;
				CLANG_WARN__DUPLICATE_METHOD_MATCH = YES;
				"CODE_SIGN_IDENTITY[sdk=iphoneos*]" = "iPhone Developer";
				COPY_PHASE_STRIP = NO;
				DEBUG_INFORMATION_FORMAT = dwarf;
				ENABLE_STRICT_OBJC_MSGSEND = YES;
				ENABLE_TESTABILITY = YES;
				GCC_C_LANGUAGE_STANDARD = gnu99;
				GCC_DYNAMIC_NO_PIC = NO;
				GCC_NO_COMMON_BLOCKS = YES;
				GCC_OPTIMIZATION_LEVEL = 0;
				GCC_PREPROCESSOR_DEFINITIONS = (
					"DEBUG=1",
					"$(inherited)",
				);
				GCC_WARN_64_TO_32_BIT_CONVERSION = YES;
				GCC_WARN_ABOUT_RETURN_TYPE = YES_ERROR;
				GCC_WARN_UNDECLARED_SELECTOR = YES;
				GCC_WARN_UNINITIALIZED_AUTOS = YES_AGGRESSIVE;
				GCC_WARN_UNUSED_FUNCTION = YES;
				GCC_WARN_UNUSED_VARIABLE = YES;
				IPHONEOS_DEPLOYMENT_TARGET = 9.0;
				MTL_ENABLE_DEBUG_INFO = YES;
				ONLY_ACTIVE_ARCH = YES;
				SDKROOT = iphoneos;
				SWIFT_OPTIMIZATION_LEVEL = "-Onone";
				TARGETED_DEVICE_FAMILY = "1,2";
			};
			name = Debug;
		};
		21DF8A1C1BC4B4AA00B9AD48 /* Release */ = {
			isa = XCBuildConfiguration;
			buildSettings = {
				ALWAYS_SEARCH_USER_PATHS = NO;
				CLANG_CXX_LANGUAGE_STANDARD = "gnu++0x";
				CLANG_CXX_LIBRARY = "libc++";
				CLANG_ENABLE_MODULES = YES;
				CLANG_ENABLE_OBJC_ARC = YES;
				CLANG_WARN_BOOL_CONVERSION = YES;
				CLANG_WARN_CONSTANT_CONVERSION = YES;
				CLANG_WARN_DIRECT_OBJC_ISA_USAGE = YES_ERROR;
				CLANG_WARN_EMPTY_BODY = YES;
				CLANG_WARN_ENUM_CONVERSION = YES;
				CLANG_WARN_INT_CONVERSION = YES;
				CLANG_WARN_OBJC_ROOT_CLASS = YES_ERROR;
				CLANG_WARN_UNREACHABLE_CODE = YES;
				CLANG_WARN__DUPLICATE_METHOD_MATCH = YES;
				"CODE_SIGN_IDENTITY[sdk=iphoneos*]" = "iPhone Developer";
				COPY_PHASE_STRIP = NO;
				DEBUG_INFORMATION_FORMAT = "dwarf-with-dsym";
				ENABLE_NS_ASSERTIONS = NO;
				ENABLE_STRICT_OBJC_MSGSEND = YES;
				GCC_C_LANGUAGE_STANDARD = gnu99;
				GCC_NO_COMMON_BLOCKS = YES;
				GCC_WARN_64_TO_32_BIT_CONVERSION = YES;
				GCC_WARN_ABOUT_RETURN_TYPE = YES_ERROR;
				GCC_WARN_UNDECLARED_SELECTOR = YES;
				GCC_WARN_UNINITIALIZED_AUTOS = YES_AGGRESSIVE;
				GCC_WARN_UNUSED_FUNCTION = YES;
				GCC_WARN_UNUSED_VARIABLE = YES;
				IPHONEOS_DEPLOYMENT_TARGET = 9.0;
				MTL_ENABLE_DEBUG_INFO = NO;
				SDKROOT = iphoneos;
				TARGETED_DEVICE_FAMILY = "1,2";
				VALIDATE_PRODUCT = YES;
			};
			name = Release;
		};
		21DF8A1E1BC4B4AA00B9AD48 /* Debug */ = {
			isa = XCBuildConfiguration;
			buildSettings = {
				ASSETCATALOG_COMPILER_APPICON_NAME = AppIcon;
				INFOPLIST_FILE = RemoteControl/Info.plist;
				LD_RUNPATH_SEARCH_PATHS = "$(inherited) @executable_path/Frameworks";
				PRODUCT_BUNDLE_IDENTIFIER = com.apdev.RemoteControl;
				PRODUCT_NAME = "$(TARGET_NAME)";
			};
			name = Debug;
		};
		21DF8A1F1BC4B4AA00B9AD48 /* Release */ = {
			isa = XCBuildConfiguration;
			buildSettings = {
				ASSETCATALOG_COMPILER_APPICON_NAME = AppIcon;
				INFOPLIST_FILE = RemoteControl/Info.plist;
				LD_RUNPATH_SEARCH_PATHS = "$(inherited) @executable_path/Frameworks";
				PRODUCT_BUNDLE_IDENTIFIER = com.apdev.RemoteControl;
				PRODUCT_NAME = "$(TARGET_NAME)";
			};
			name = Release;
		};
		21DF8A211BC4B4AA00B9AD48 /* Debug */ = {
			isa = XCBuildConfiguration;
			buildSettings = {
				BUNDLE_LOADER = "$(TEST_HOST)";
				INFOPLIST_FILE = RemoteControlTests/Info.plist;
				LD_RUNPATH_SEARCH_PATHS = "$(inherited) @executable_path/Frameworks @loader_path/Frameworks";
				PRODUCT_BUNDLE_IDENTIFIER = com.apdev.RemoteControlTests;
				PRODUCT_NAME = "$(TARGET_NAME)";
				TEST_HOST = "$(BUILT_PRODUCTS_DIR)/RemoteControl.app/RemoteControl";
			};
			name = Debug;
		};
		21DF8A221BC4B4AA00B9AD48 /* Release */ = {
			isa = XCBuildConfiguration;
			buildSettings = {
				BUNDLE_LOADER = "$(TEST_HOST)";
				INFOPLIST_FILE = RemoteControlTests/Info.plist;
				LD_RUNPATH_SEARCH_PATHS = "$(inherited) @executable_path/Frameworks @loader_path/Frameworks";
				PRODUCT_BUNDLE_IDENTIFIER = com.apdev.RemoteControlTests;
				PRODUCT_NAME = "$(TARGET_NAME)";
				TEST_HOST = "$(BUILT_PRODUCTS_DIR)/RemoteControl.app/RemoteControl";
			};
			name = Release;
		};
		21DF8A241BC4B4AA00B9AD48 /* Debug */ = {
			isa = XCBuildConfiguration;
			buildSettings = {
				INFOPLIST_FILE = RemoteControlUITests/Info.plist;
				LD_RUNPATH_SEARCH_PATHS = "$(inherited) @executable_path/Frameworks @loader_path/Frameworks";
				PRODUCT_BUNDLE_IDENTIFIER = com.apdev.RemoteControlUITests;
				PRODUCT_NAME = "$(TARGET_NAME)";
				TEST_TARGET_NAME = RemoteControl;
				USES_XCTRUNNER = YES;
			};
			name = Debug;
		};
		21DF8A251BC4B4AA00B9AD48 /* Release */ = {
			isa = XCBuildConfiguration;
			buildSettings = {
				INFOPLIST_FILE = RemoteControlUITests/Info.plist;
				LD_RUNPATH_SEARCH_PATHS = "$(inherited) @executable_path/Frameworks @loader_path/Frameworks";
				PRODUCT_BUNDLE_IDENTIFIER = com.apdev.RemoteControlUITests;
				PRODUCT_NAME = "$(TARGET_NAME)";
				TEST_TARGET_NAME = RemoteControl;
				USES_XCTRUNNER = YES;
			};
			name = Release;
		};
/* End XCBuildConfiguration section */

/* Begin XCConfigurationList section */
		21DF89F01BC4B4AA00B9AD48 /* Build configuration list for PBXProject "RemoteControl" */ = {
			isa = XCConfigurationList;
			buildConfigurations = (
				21DF8A1B1BC4B4AA00B9AD48 /* Debug */,
				21DF8A1C1BC4B4AA00B9AD48 /* Release */,
			);
			defaultConfigurationIsVisible = 0;
			defaultConfigurationName = Release;
		};
		21DF8A1D1BC4B4AA00B9AD48 /* Build configuration list for PBXNativeTarget "RemoteControl" */ = {
			isa = XCConfigurationList;
			buildConfigurations = (
				21DF8A1E1BC4B4AA00B9AD48 /* Debug */,
				21DF8A1F1BC4B4AA00B9AD48 /* Release */,
			);
			defaultConfigurationIsVisible = 0;
		};
		21DF8A201BC4B4AA00B9AD48 /* Build configuration list for PBXNativeTarget "RemoteControlTests" */ = {
			isa = XCConfigurationList;
			buildConfigurations = (
				21DF8A211BC4B4AA00B9AD48 /* Debug */,
				21DF8A221BC4B4AA00B9AD48 /* Release */,
			);
			defaultConfigurationIsVisible = 0;
		};
		21DF8A231BC4B4AA00B9AD48 /* Build configuration list for PBXNativeTarget "RemoteControlUITests" */ = {
			isa = XCConfigurationList;
			buildConfigurations = (
				21DF8A241BC4B4AA00B9AD48 /* Debug */,
				21DF8A251BC4B4AA00B9AD48 /* Release */,
			);
			defaultConfigurationIsVisible = 0;
		};
/* End XCConfigurationList section */
	};
	rootObject = 21DF89ED1BC4B4AA00B9AD48 /* Project object */;
}
